
Microsoft Visual Studio Solution File, Format Version 12.00
# Visual Studio Version 16
VisualStudioVersion = 16.0.31019.35
MinimumVisualStudioVersion = 10.0.40219.1
Project("{9A19103F-16F7-4668-BE54-9A1E7A4F7556}") = "UASPAW_2", "UASPAW_2\UASPAW_2.csproj", "{CDBE010E-2368-4A61-901A-28E06E3E2C6E}"
EndProject
Project("{9A19103F-16F7-4668-BE54-9A1E7A4F7556}") = "UASPAW_2Tests", "UASPAW_2Tests\UASPAW_2Tests.csproj", "{A40F9EE8-F91D-4429-B235-8CC457AF6748}"
EndProject
Project("{54435603-DBB4-11D2-8724-00A0C9A8B90C}") = "instaler", "instaler\instaler.vdproj", "{8AC9C315-9522-4116-9E61-835288DDBA9D}"
EndProject
Global
	GlobalSection(SolutionConfigurationPlatforms) = preSolution
		Debug|Any CPU = Debug|Any CPU
		Release|Any CPU = Release|Any CPU
	EndGlobalSection
	GlobalSection(ProjectConfigurationPlatforms) = postSolution
		{CDBE010E-2368-4A61-901A-28E06E3E2C6E}.Debug|Any CPU.ActiveCfg = Debug|Any CPU
		{CDBE010E-2368-4A61-901A-28E06E3E2C6E}.Debug|Any CPU.Build.0 = Debug|Any CPU
		{CDBE010E-2368-4A61-901A-28E06E3E2C6E}.Release|Any CPU.ActiveCfg = Release|Any CPU
		{CDBE010E-2368-4A61-901A-28E06E3E2C6E}.Release|Any CPU.Build.0 = Release|Any CPU
		{A40F9EE8-F91D-4429-B235-8CC457AF6748}.Debug|Any CPU.ActiveCfg = Debug|Any CPU
		{A40F9EE8-F91D-4429-B235-8CC457AF6748}.Debug|Any CPU.Build.0 = Debug|Any CPU
		{A40F9EE8-F91D-4429-B235-8CC457AF6748}.Release|Any CPU.ActiveCfg = Release|Any CPU
		{A40F9EE8-F91D-4429-B235-8CC457AF6748}.Release|Any CPU.Build.0 = Release|Any CPU
		{8AC9C315-9522-4116-9E61-835288DDBA9D}.Debug|Any CPU.ActiveCfg = Debug
		{8AC9C315-9522-4116-9E61-835288DDBA9D}.Release|Any CPU.ActiveCfg = Release
	EndGlobalSection
	GlobalSection(SolutionProperties) = preSolution
		HideSolutionNode = FALSE
	EndGlobalSection
	GlobalSection(ExtensibilityGlobals) = postSolution
		SolutionGuid = {ED4125C6-5463-41A2-81CD-5AC9AA8FB900}
	EndGlobalSection
EndGlobal
